
Microsoft Visual Studio Solution File, Format Version 12.00
# Visual Studio Version 17
VisualStudioVersion = 17.9.34622.214
MinimumVisualStudioVersion = 10.0.40219.1
Project("{9A19103F-16F7-4668-BE54-9A1E7A4F7556}") = "SqlCodeEditor", "SqlCodeEditor.csproj", "{67B167A0-1825-4637-9622-BCC210CB0AFA}"
EndProject
Global
	GlobalSection(SolutionConfigurationPlatforms) = preSolution
		Debug|Any CPU = Debug|Any CPU
		Release|Any CPU = Release|Any CPU
	EndGlobalSection
	GlobalSection(ProjectConfigurationPlatforms) = postSolution
		{67B167A0-1825-4637-9622-BCC210CB0AFA}.Debug|Any CPU.ActiveCfg = Debug|Any CPU
		{67B167A0-1825-4637-9622-BCC210CB0AFA}.Debug|Any CPU.Build.0 = Debug|Any CPU
		{67B167A0-1825-4637-9622-BCC210CB0AFA}.Release|Any CPU.ActiveCfg = Release|Any CPU
		{67B167A0-1825-4637-9622-BCC210CB0AFA}.Release|Any CPU.Build.0 = Release|Any CPU
	EndGlobalSection
	GlobalSection(SolutionProperties) = preSolution
		HideSolutionNode = FALSE
	EndGlobalSection
	GlobalSection(ExtensibilityGlobals) = postSolution
		SolutionGuid = {48A06741-8072-40A4-B8DB-98EA26B09B45}
	EndGlobalSection
EndGlobal
